
Microsoft Visual Studio Solution File, Format Version 12.00
# Visual Studio Version 17
VisualStudioVersion = 17.5.33530.505
MinimumVisualStudioVersion = 10.0.40219.1
Project("{FAE04EC0-301F-11D3-BF4B-00C04F79EFBC}") = "Asiup Clone Product", "Asiup Clone Product.csproj", "{B1310BF6-FF0A-4304-AD75-3FDB98D7B2DB}"
EndProject
Global
	GlobalSection(SolutionConfigurationPlatforms) = preSolution
		Debug|Any CPU = Debug|Any CPU
		Release|Any CPU = Release|Any CPU
	EndGlobalSection
	GlobalSection(ProjectConfigurationPlatforms) = postSolution
		{B1310BF6-FF0A-4304-AD75-3FDB98D7B2DB}.Debug|Any CPU.ActiveCfg = Debug|Any CPU
		{B1310BF6-FF0A-4304-AD75-3FDB98D7B2DB}.Debug|Any CPU.Build.0 = Debug|Any CPU
		{B1310BF6-FF0A-4304-AD75-3FDB98D7B2DB}.Release|Any CPU.ActiveCfg = Release|Any CPU
		{B1310BF6-FF0A-4304-AD75-3FDB98D7B2DB}.Release|Any CPU.Build.0 = Release|Any CPU
	EndGlobalSection
	GlobalSection(SolutionProperties) = preSolution
		HideSolutionNode = FALSE
	EndGlobalSection
	GlobalSection(ExtensibilityGlobals) = postSolution
		SolutionGuid = {B6319950-7986-465B-ABE4-9CB5069638C8}
	EndGlobalSection
EndGlobal
